PODS:
  - Flutter (1.0.0)
  - flutter_image_compress (0.0.1):
    - Flutter
    - Mantle
    - SDWebImage
    - SDWebImageWebPCoder
  - geolocator_apple (1.2.0):
    - Flutter
  - google_maps_flutter (0.0.1):
    - Flutter
    - GoogleMaps
  - GoogleMaps (5.1.0):
    - GoogleMaps/Maps (= 5.1.0)
  - GoogleMaps/Base (5.1.0)
  - GoogleMaps/Maps (5.1.0):
    - GoogleMaps/Base
  - image_picker (0.0.1):
    - Flutter
  - libphonenumber (0.0.1):
    - Flutter
    - libPhoneNumber-iOS
  - libPhoneNumber-iOS (0.9.15)
  - libphonenumber_plugin (0.0.1):
    - Flutter
    - libphonenumber
    - libPhoneNumber-iOS
  - libwebp (1.2.1):
    - libwebp/demux (= 1.2.1)
    - libwebp/mux (= 1.2.1)
    - libwebp/webp (= 1.2.1)
  - libwebp/demux (1.2.1):
    - libwebp/webp
  - libwebp/mux (1.2.1):
    - libwebp/demux
  - libwebp/webp (1.2.1)
  - Mantle (2.1.6):
    - Mantle/extobjc (= 2.1.6)
  - Mantle/extobjc (2.1.6)
  - map_launcher (0.0.1):
    - Flutter
  - Protobuf (3.18.1)
  - reactive_ble_mobile (0.0.1):
    - Flutter
    - Protobuf (~> 3.5)
    - SwiftProtobuf (~> 1.0)
  - SDWebImage (5.12.0):
    - SDWebImage/Core (= 5.12.0)
  - SDWebImage/Core (5.12.0)
  - SDWebImageWebPCoder (0.8.4):
    - libwebp (~> 1.0)
    - SDWebImage/Core (~> 5.10)
  - shared_preferences (0.0.1):
    - Flutter
  - SwiftProtobuf (1.18.0)

DEPENDENCIES:
  - Flutter (from `Flutter`)
  - flutter_image_compress (from `.symlinks/plugins/flutter_image_compress/ios`)
  - geolocator_apple (from `.symlinks/plugins/geolocator_apple/ios`)
  - google_maps_flutter (from `.symlinks/plugins/google_maps_flutter/ios`)
  - image_picker (from `.symlinks/plugins/image_picker/ios`)
  - libphonenumber (from `.symlinks/plugins/libphonenumber/ios`)
  - libphonenumber_plugin (from `.symlinks/plugins/libphonenumber_plugin/ios`)
  - map_launcher (from `.symlinks/plugins/map_launcher/ios`)
  - reactive_ble_mobile (from `.symlinks/plugins/reactive_ble_mobile/ios`)
  - shared_preferences (from `.symlinks/plugins/shared_preferences/ios`)

SPEC REPOS:
  trunk:
    - GoogleMaps
    - libPhoneNumber-iOS
    - libwebp
    - Mantle
    - Protobuf
    - SDWebImage
    - SDWebImageWebPCoder
    - SwiftProtobuf

EXTERNAL SOURCES:
  Flutter:
    :path: Flutter
  flutter_image_compress:
    :path: ".symlinks/plugins/flutter_image_compress/ios"
  geolocator_apple:
    :path: ".symlinks/plugins/geolocator_apple/ios"
  google_maps_flutter:
    :path: ".symlinks/plugins/google_maps_flutter/ios"
  image_picker:
    :path: ".symlinks/plugins/image_picker/ios"
  libphonenumber:
    :path: ".symlinks/plugins/libphonenumber/ios"
  libphonenumber_plugin:
    :path: ".symlinks/plugins/libphonenumber_plugin/ios"
  map_launcher:
    :path: ".symlinks/plugins/map_launcher/ios"
  reactive_ble_mobile:
    :path: ".symlinks/plugins/reactive_ble_mobile/ios"
  shared_preferences:
    :path: ".symlinks/plugins/shared_preferences/ios"

SPEC CHECKSUMS:
  Flutter: 50d75fe2f02b26cc09d224853bb45737f8b3214a
  flutter_image_compress: fd2b476345226e1a10ea352fa306af95704642c1
  geolocator_apple: b741765c55dc21950e3e106e8b3584e55cf81ce5
  google_maps_flutter: abdb8dee6c52d4be36ad131ee6ebfacd14417c5a
  GoogleMaps: 086ae1dab659eaa7339bdb30fc88e2f44e7c597c
  image_picker: 9aa50e1d8cdacdbed739e925b7eea16d014367e6
  libphonenumber: bd14d5abfc5939ab0b0767234e2d8e2593af258e
  libPhoneNumber-iOS: 0a32a9525cf8744fe02c5206eb30d571e38f7d75
  libphonenumber_plugin: 7cf755ad1656145935d6c208173a476bd3f12898
  libwebp: 98a37e597e40bfdb4c911fc98f2c53d0b12d05fc
  Mantle: 4c0ed6ce47c96eccc4dc3bb071deb3def0e2c3be
  map_launcher: e325db1261d029ff33e08e03baccffe09593ffea
  Protobuf: 0ac2cdc92fb5c33dab66dd1c4e9f9cc4c34d00ba
  reactive_ble_mobile: 9ce6723d37ccf701dbffd202d487f23f5de03b4c
  SDWebImage: 4ea20cca2986adc5aacde07aa686742fd4c67a37
  SDWebImageWebPCoder: f93010f3f6c031e2f8fb3081ca4ee6966c539815
  shared_preferences: 5033afbb22d372e15aff8ff766df9021b845f273
  SwiftProtobuf: c3c12645230d9b09c72267e0de89468c5543bd86

PODFILE CHECKSUM: a5d6799b652f4a5ad31ef75066902c74e261baf1

COCOAPODS: 1.11.2
